<?xml version="1.0" encoding="utf-8"?>
<Project ToolsVersion="4.0" xmlns="http://schemas.microsoft.com/developer/msbuild/2003">
  <ItemGroup>
    <Filter Include="源文件">
      <UniqueIdentifier>{4FC737F1-C7A5-4376-A066-2A32D752A2FF}</UniqueIdentifier>
      <Extensions>cpp;c;cc;cxx;c++;def;odl;idl;hpj;bat;asm;asmx</Extensions>
    </Filter>
    <Filter Include="头文件">
      <UniqueIdentifier>{93995380-89BD-4b04-88EB-625FBE52EBFB}</UniqueIdentifier>
      <Extensions>h;hh;hpp;hxx;h++;hm;inl;inc;ipp;xsd</Extensions>
    </Filter>
    <Filter Include="资源文件">
      <UniqueIdentifier>{67DA6AB6-F800-4c08-8B7A-83BB121AAD01}</UniqueIdentifier>
      <Extensions>rc;ico;cur;bmp;dlg;rc2;rct;bin;rgs;gif;jpg;jpeg;jpe;resx;tiff;tif;png;wav;mfcribbon-ms</Extensions>
    </Filter>
  </ItemGroup>
  <ItemGroup>
    <ClCompile Include="没啥1.cpp">
      <Filter>源文件</Filter>
    </ClCompile>
    <ClCompile Include="没啥2.cpp">
      <Filter>源文件</Filter>
    </ClCompile>
    <ClCompile Include="没啥3.cpp">
      <Filter>源文件</Filter>
    </ClCompile>
    <ClCompile Include="没啥5.cpp">
      <Filter>源文件</Filter>
    </ClCompile>
    <ClCompile Include="没啥6.cpp">
      <Filter>源文件</Filter>
    </ClCompile>
    <ClCompile Include="没啥7.cpp">
      <Filter>源文件</Filter>
    </ClCompile>
    <ClCompile Include="没啥8.cpp">
      <Filter>源文件</Filter>
    </ClCompile>
    <ClCompile Include="没啥9.cpp">
      <Filter>源文件</Filter>
    </ClCompile>
    <ClCompile Include="没啥10.cpp">
      <Filter>源文件</Filter>
    </ClCompile>
    <ClCompile Include="没啥11.cpp">
      <Filter>源文件</Filter>
    </ClCompile>
    <ClCompile Include="没啥12.cpp">
      <Filter>源文件</Filter>
    </ClCompile>
    <ClCompile Include="没啥13.cpp">
      <Filter>源文件</Filter>
    </ClCompile>
    <ClCompile Include="没啥4.cpp">
      <Filter>源文件</Filter>
    </ClCompile>
    <ClCompile Include="没啥14.cpp">
      <Filter>源文件</Filter>
    </ClCompile>
    <ClCompile Include="没啥15.cpp">
      <Filter>源文件</Filter>
    </ClCompile>
    <ClCompile Include="没啥16.cpp">
      <Filter>源文件</Filter>
    </ClCompile>
    <ClCompile Include="没啥17.cpp">
      <Filter>源文件</Filter>
    </ClCompile>
    <ClCompile Include="没啥18.cpp">
      <Filter>源文件</Filter>
    </ClCompile>
    <ClCompile Include="没啥19.cpp">
      <Filter>源文件</Filter>
    </ClCompile>
    <ClCompile Include="没啥20.cpp">
      <Filter>源文件</Filter>
    </ClCompile>
    <ClCompile Include="没啥21.cpp">
      <Filter>源文件</Filter>
    </ClCompile>
    <ClCompile Include="没啥22.cpp">
      <Filter>源文件</Filter>
    </ClCompile>
    <ClCompile Include="没啥23.cpp">
      <Filter>源文件</Filter>
    </ClCompile>
    <ClCompile Include="没啥24.cpp">
      <Filter>源文件</Filter>
    </ClCompile>
    <ClCompile Include="没啥25.cpp">
      <Filter>源文件</Filter>
    </ClCompile>
    <ClCompile Include="没啥26.cpp">
      <Filter>源文件</Filter>
    </ClCompile>
    <ClCompile Include="没啥27.cpp">
      <Filter>源文件</Filter>
    </ClCompile>
    <ClCompile Include="没啥28.cpp">
      <Filter>源文件</Filter>
    </ClCompile>
    <ClCompile Include="没啥29.cpp">
      <Filter>源文件</Filter>
    </ClCompile>
    <ClCompile Include="没啥30.cpp">
      <Filter>源文件</Filter>
    </ClCompile>
    <ClCompile Include="没啥31.cpp">
      <Filter>源文件</Filter>
    </ClCompile>
    <ClCompile Include="没啥32.cpp">
      <Filter>源文件</Filter>
    </ClCompile>
    <ClCompile Include="没啥33.cpp">
      <Filter>源文件</Filter>
    </ClCompile>
  </ItemGroup>
</Project>